lockfile_version: '1'
apm_version: 0.31.0
dependencies:
- repo_url: _local/code-comments
  name: code-comments
  version: unknown
  package_type: claude_skill
  deployed_files:
  - .agents/skills/code-comments
  - .agents/skills/code-comments/SKILL.md
  - .claude/skills/code-comments
  - .claude/skills/code-comments/SKILL.md
  deployed_file_hashes:
    .agents/skills/code-comments/SKILL.md: sha256:2c4d3162fa6a0dca1d8fde352d056b1a6cfd27b589866a1f7c07d18887f49f37
    .claude/skills/code-comments/SKILL.md: sha256:2c4d3162fa6a0dca1d8fde352d056b1a6cfd27b589866a1f7c07d18887f49f37
  source: local
  local_path: ./skills/code-comments
- repo_url: _local/docs-writing
  name: docs-writing
  version: unknown
  package_type: claude_skill
  deployed_files:
  - .agents/skills/docs-writing
  - .agents/skills/docs-writing/SKILL.md
  - .agents/skills/docs-writing/references/adr.md
  - .agents/skills/docs-writing/references/context.md
  - .agents/skills/docs-writing/references/design-doc.md
  - .agents/skills/docs-writing/references/prd.md
  - .claude/skills/docs-writing
  - .claude/skills/docs-writing/SKILL.md
  - .claude/skills/docs-writing/references/adr.md
  - .claude/skills/docs-writing/references/context.md
  - .claude/skills/docs-writing/references/design-doc.md
  - .claude/skills/docs-writing/references/prd.md
  deployed_file_hashes:
    .agents/skills/docs-writing/SKILL.md: sha256:513a5095efb16178a0ae564cfd11c1ce4a193aad306d2fa86b783e1eee68edb3
    .agents/skills/docs-writing/references/adr.md: sha256:7addb0ba95822ca08abc82c127205b2c127695921cc2c4b7287737c690cda810
    .agents/skills/docs-writing/references/context.md: sha256:30f9241ad7ead5824d791384c5e63b6c0976984a6856418f3e34f5111d2ee65a
    .agents/skills/docs-writing/references/design-doc.md: sha256:28340d2a03ab9e66a3c3ab68c9937e8aa7f5ee423245c3a1d07b38f2d841e2b5
    .agents/skills/docs-writing/references/prd.md: sha256:a9e1a08d0d5a3ee7aee3d3c6b2fa5a4aa5e193169c662838fc09817198647952
    .claude/skills/docs-writing/SKILL.md: sha256:513a5095efb16178a0ae564cfd11c1ce4a193aad306d2fa86b783e1eee68edb3
    .claude/skills/docs-writing/references/adr.md: sha256:7addb0ba95822ca08abc82c127205b2c127695921cc2c4b7287737c690cda810
    .claude/skills/docs-writing/references/context.md: sha256:30f9241ad7ead5824d791384c5e63b6c0976984a6856418f3e34f5111d2ee65a
    .claude/skills/docs-writing/references/design-doc.md: sha256:28340d2a03ab9e66a3c3ab68c9937e8aa7f5ee423245c3a1d07b38f2d841e2b5
    .claude/skills/docs-writing/references/prd.md: sha256:a9e1a08d0d5a3ee7aee3d3c6b2fa5a4aa5e193169c662838fc09817198647952
  source: local
  local_path: ./skills/docs-writing
- repo_url: _local/git-commit
  name: git-commit
  version: unknown
  package_type: claude_skill
  deployed_files:
  - .agents/skills/git-commit
  - .agents/skills/git-commit/SKILL.md
  - .claude/skills/git-commit
  - .claude/skills/git-commit/SKILL.md
  deployed_file_hashes:
    .agents/skills/git-commit/SKILL.md: sha256:2203bd7fddf710dd9067e65a8fed0e258e1e32f11eb52f58a5bc0abe2c93ea31
    .claude/skills/git-commit/SKILL.md: sha256:2203bd7fddf710dd9067e65a8fed0e258e1e32f11eb52f58a5bc0abe2c93ea31
  source: local
  local_path: ./skills/git-commit
deployments:
- kind: project-relative
  target: claude
  value: .claude/skills/code-comments
  runtime: null
  scope: project
  owners:
  - ./skills/code-comments
  active_owner: ./skills/code-comments
  content_hash: null
- kind: project-relative
  target: claude
  value: .claude/skills/code-comments/SKILL.md
  runtime: null
  scope: project
  owners:
  - ./skills/code-comments
  active_owner: ./skills/code-comments
  content_hash: sha256:2c4d3162fa6a0dca1d8fde352d056b1a6cfd27b589866a1f7c07d18887f49f37
- kind: project-relative
  target: claude
  value: .claude/skills/docs-writing
  runtime: null
  scope: project
  owners:
  - ./skills/docs-writing
  active_owner: ./skills/docs-writing
  content_hash: null
- kind: project-relative
  target: claude
  value: .claude/skills/docs-writing/SKILL.md
  runtime: null
  scope: project
  owners:
  - ./skills/docs-writing
  active_owner: ./skills/docs-writing
  content_hash: sha256:513a5095efb16178a0ae564cfd11c1ce4a193aad306d2fa86b783e1eee68edb3
- kind: project-relative
  target: claude
  value: .claude/skills/docs-writing/references/adr.md
  runtime: null
  scope: project
  owners:
  - ./skills/docs-writing
  active_owner: ./skills/docs-writing
  content_hash: sha256:7addb0ba95822ca08abc82c127205b2c127695921cc2c4b7287737c690cda810
- kind: project-relative
  target: claude
  value: .claude/skills/docs-writing/references/context.md
  runtime: null
  scope: project
  owners:
  - ./skills/docs-writing
  active_owner: ./skills/docs-writing
  content_hash: sha256:30f9241ad7ead5824d791384c5e63b6c0976984a6856418f3e34f5111d2ee65a
- kind: project-relative
  target: claude
  value: .claude/skills/docs-writing/references/design-doc.md
  runtime: null
  scope: project
  owners:
  - ./skills/docs-writing
  active_owner: ./skills/docs-writing
  content_hash: sha256:28340d2a03ab9e66a3c3ab68c9937e8aa7f5ee423245c3a1d07b38f2d841e2b5
- kind: project-relative
  target: claude
  value: .claude/skills/docs-writing/references/prd.md
  runtime: null
  scope: project
  owners:
  - ./skills/docs-writing
  active_owner: ./skills/docs-writing
  content_hash: sha256:a9e1a08d0d5a3ee7aee3d3c6b2fa5a4aa5e193169c662838fc09817198647952
- kind: project-relative
  target: claude
  value: .claude/skills/git-commit
  runtime: null
  scope: project
  owners:
  - ./skills/git-commit
  active_owner: ./skills/git-commit
  content_hash: null
- kind: project-relative
  target: claude
  value: .claude/skills/git-commit/SKILL.md
  runtime: null
  scope: project
  owners:
  - ./skills/git-commit
  active_owner: ./skills/git-commit
  content_hash: sha256:2203bd7fddf710dd9067e65a8fed0e258e1e32f11eb52f58a5bc0abe2c93ea31
- kind: project-relative
  target: codex
  value: .agents/skills/code-comments
  runtime: null
  scope: project
  owners:
  - ./skills/code-comments
  active_owner: ./skills/code-comments
  content_hash: null
- kind: project-relative
  target: codex
  value: .agents/skills/code-comments/SKILL.md
  runtime: null
  scope: project
  owners:
  - ./skills/code-comments
  active_owner: ./skills/code-comments
  content_hash: sha256:2c4d3162fa6a0dca1d8fde352d056b1a6cfd27b589866a1f7c07d18887f49f37
- kind: project-relative
  target: codex
  value: .agents/skills/docs-writing
  runtime: null
  scope: project
  owners:
  - ./skills/docs-writing
  active_owner: ./skills/docs-writing
  content_hash: null
- kind: project-relative
  target: codex
  value: .agents/skills/docs-writing/SKILL.md
  runtime: null
  scope: project
  owners:
  - ./skills/docs-writing
  active_owner: ./skills/docs-writing
  content_hash: sha256:513a5095efb16178a0ae564cfd11c1ce4a193aad306d2fa86b783e1eee68edb3
- kind: project-relative
  target: codex
  value: .agents/skills/docs-writing/references/adr.md
  runtime: null
  scope: project
  owners:
  - ./skills/docs-writing
  active_owner: ./skills/docs-writing
  content_hash: sha256:7addb0ba95822ca08abc82c127205b2c127695921cc2c4b7287737c690cda810
- kind: project-relative
  target: codex
  value: .agents/skills/docs-writing/references/context.md
  runtime: null
  scope: project
  owners:
  - ./skills/docs-writing
  active_owner: ./skills/docs-writing
  content_hash: sha256:30f9241ad7ead5824d791384c5e63b6c0976984a6856418f3e34f5111d2ee65a
- kind: project-relative
  target: codex
  value: .agents/skills/docs-writing/references/design-doc.md
  runtime: null
  scope: project
  owners:
  - ./skills/docs-writing
  active_owner: ./skills/docs-writing
  content_hash: sha256:28340d2a03ab9e66a3c3ab68c9937e8aa7f5ee423245c3a1d07b38f2d841e2b5
- kind: project-relative
  target: codex
  value: .agents/skills/docs-writing/references/prd.md
  runtime: null
  scope: project
  owners:
  - ./skills/docs-writing
  active_owner: ./skills/docs-writing
  content_hash: sha256:a9e1a08d0d5a3ee7aee3d3c6b2fa5a4aa5e193169c662838fc09817198647952
- kind: project-relative
  target: codex
  value: .agents/skills/git-commit
  runtime: null
  scope: project
  owners:
  - ./skills/git-commit
  active_owner: ./skills/git-commit
  content_hash: null
- kind: project-relative
  target: codex
  value: .agents/skills/git-commit/SKILL.md
  runtime: null
  scope: project
  owners:
  - ./skills/git-commit
  active_owner: ./skills/git-commit
  content_hash: sha256:2203bd7fddf710dd9067e65a8fed0e258e1e32f11eb52f58a5bc0abe2c93ea31
